
Microsoft Visual Studio Solution File, Format Version 12.00
# Visual Studio Version 16
VisualStudioVersion = 16.0.30002.166
MinimumVisualStudioVersion = 10.0.40219.1
Project("{888888A0-9F3D-457C-B088-3A5042F75D52}") = "TodoWo", "TodoWo\TodoWo.pyproj", "{6F433CDA-E3FD-46F3-B35B-93A54E6F0ECD}"
EndProject
Global
	GlobalSection(SolutionConfigurationPlatforms) = preSolution
		Debug|Any CPU = Debug|Any CPU
		Release|Any CPU = Release|Any CPU
	EndGlobalSection
	GlobalSection(ProjectConfigurationPlatforms) = postSolution
		{6F433CDA-E3FD-46F3-B35B-93A54E6F0ECD}.Debug|Any CPU.ActiveCfg = Debug|Any CPU
		{6F433CDA-E3FD-46F3-B35B-93A54E6F0ECD}.Debug|Any CPU.Build.0 = Debug|Any CPU
		{6F433CDA-E3FD-46F3-B35B-93A54E6F0ECD}.Release|Any CPU.ActiveCfg = Release|Any CPU
		{6F433CDA-E3FD-46F3-B35B-93A54E6F0ECD}.Release|Any CPU.Build.0 = Release|Any CPU
	EndGlobalSection
	GlobalSection(SolutionProperties) = preSolution
		HideSolutionNode = FALSE
	EndGlobalSection
	GlobalSection(ExtensibilityGlobals) = postSolution
		SolutionGuid = {7CF5041C-C2BF-40A2-8A84-9BE2EF16EDC8}
	EndGlobalSection
EndGlobal
